{
  "name": "locustjs-mime",
  "version": "1.0.4",
  "lockfileVersion": 1,
  "requires": true,
  "dependencies": {
    "locustjs-base": {
      "version": "1.0.4",
      "resolved": "https://registry.npmjs.org/locustjs-base/-/locustjs-base-1.0.4.tgz",
      "integrity": "sha512-98nDxPPqpxa7v4JUOW0oBRaEL+B/ztTwohSjHw22ahdZO4Lel32PQBg8Y8UM+P5vytZYgHPE7+6viwCbJJxd9w=="
    },
    "locustjs-exception": {
      "version": "1.0.1",
      "resolved": "https://registry.npmjs.org/locustjs-exception/-/locustjs-exception-1.0.1.tgz",
      "integrity": "sha512-Pr9bawYLTWLs2CyaOf6PwZDVybKkKiZKon6kIClsmkx7dP6YCzUY7Lxm+8Vl4L9yoVUNCnhrReVRZu4LTJb3JQ==",
      "requires": {
        "locustjs-base": "^1.0.9"
      },
      "dependencies": {
        "locustjs-base": {
          "version": "1.0.9",
          "resolved": "https://registry.npmjs.org/locustjs-base/-/locustjs-base-1.0.9.tgz",
          "integrity": "sha512-PnpOg0JwPjy/PKtXIflz1+xmge3u1ktzFICBJtHzUfyj4sGEZpcc4EfZ5w2yl5azg/c+SpAzjgNe+3dJWQci/A=="
        }
      }
    }
  }
}
