{
  "name": "locustjs-mime",
  "version": "1.0.2",
  "lockfileVersion": 1,
  "requires": true,
  "dependencies": {
    "locustjs-base": {
      "version": "1.0.4",
      "resolved": "https://registry.npmjs.org/locustjs-base/-/locustjs-base-1.0.4.tgz",
      "integrity": "sha512-98nDxPPqpxa7v4JUOW0oBRaEL+B/ztTwohSjHw22ahdZO4Lel32PQBg8Y8UM+P5vytZYgHPE7+6viwCbJJxd9w=="
    }
  }
}
